
Microsoft Visual Studio Solution File, Format Version 12.00
# Visual Studio 15
VisualStudioVersion = 15.0.27703.2026
MinimumVisualStudioVersion = 10.0.40219.1
Project("{9A19103F-16F7-4668-BE54-9A1E7A4F7556}") = "Nebulas.API", "Nebulas.API\Nebulas.API.csproj", "{B67EE94F-4EFD-4150-BD19-DE843081A53B}"
EndProject
Project("{9A19103F-16F7-4668-BE54-9A1E7A4F7556}") = "Nebulas.API.Tests.NetCore", "Nebulas.API.Tests.NetCore\Nebulas.API.Tests.NetCore.csproj", "{48AE0640-8C01-43E3-AEE5-1973E872E235}"
EndProject
Project("{FAE04EC0-301F-11D3-BF4B-00C04F79EFBC}") = "Nebulas.API.Tests.NetFramework", "Nebulas.API.Tests.NetFramework\Nebulas.API.Tests.NetFramework.csproj", "{23465A07-89C2-4676-AA0E-D06301CA6185}"
EndProject
Global
	GlobalSection(SolutionConfigurationPlatforms) = preSolution
		Debug|Any CPU = Debug|Any CPU
		Release|Any CPU = Release|Any CPU
	EndGlobalSection
	GlobalSection(ProjectConfigurationPlatforms) = postSolution
		{B67EE94F-4EFD-4150-BD19-DE843081A53B}.Debug|Any CPU.ActiveCfg = Debug|Any CPU
		{B67EE94F-4EFD-4150-BD19-DE843081A53B}.Debug|Any CPU.Build.0 = Debug|Any CPU
		{B67EE94F-4EFD-4150-BD19-DE843081A53B}.Release|Any CPU.ActiveCfg = Release|Any CPU
		{B67EE94F-4EFD-4150-BD19-DE843081A53B}.Release|Any CPU.Build.0 = Release|Any CPU
		{48AE0640-8C01-43E3-AEE5-1973E872E235}.Debug|Any CPU.ActiveCfg = Debug|Any CPU
		{48AE0640-8C01-43E3-AEE5-1973E872E235}.Debug|Any CPU.Build.0 = Debug|Any CPU
		{48AE0640-8C01-43E3-AEE5-1973E872E235}.Release|Any CPU.ActiveCfg = Release|Any CPU
		{48AE0640-8C01-43E3-AEE5-1973E872E235}.Release|Any CPU.Build.0 = Release|Any CPU
		{23465A07-89C2-4676-AA0E-D06301CA6185}.Debug|Any CPU.ActiveCfg = Debug|Any CPU
		{23465A07-89C2-4676-AA0E-D06301CA6185}.Debug|Any CPU.Build.0 = Debug|Any CPU
		{23465A07-89C2-4676-AA0E-D06301CA6185}.Release|Any CPU.ActiveCfg = Release|Any CPU
		{23465A07-89C2-4676-AA0E-D06301CA6185}.Release|Any CPU.Build.0 = Release|Any CPU
	EndGlobalSection
	GlobalSection(SolutionProperties) = preSolution
		HideSolutionNode = FALSE
	EndGlobalSection
	GlobalSection(ExtensibilityGlobals) = postSolution
		SolutionGuid = {6108CDC1-8921-4A45-B45D-22C0C6DA4E19}
	EndGlobalSection
EndGlobal
